// !$*UTF8*$!
{
	archiveVersion = 1;
	classes = {
	};
	objectVersion = 48;
	objects = {

/* Begin PBXBuildFile section */
		9F95994620266067005AF882 /* AppDelegate.swift in Sources */ = {isa = PBXBuildFile; fileRef = 9F95994520266067005AF882 /* AppDelegate.swift */; };
		9F95994820266067005AF882 /* ViewController.swift in Sources */ = {isa = PBXBuildFile; fileRef = 9F95994720266067005AF882 /* ViewController.swift */; };
		9F95994B20266067005AF882 /* Main.storyboard in Resources */ = {isa = PBXBuildFile; fileRef = 9F95994920266067005AF882 /* Main.storyboard */; };
		9F95994D20266067005AF882 /* Assets.xcassets in Resources */ = {isa = PBXBuildFile; fileRef = 9F95994C20266067005AF882 /* Assets.xcassets */; };
		9F95995020266067005AF882 /* LaunchScreen.storyboard in Resources */ = {isa = PBXBuildFile; fileRef = 9F95994E20266067005AF882 /* LaunchScreen.storyboard */; };
		9F959958202662D2005AF882 /* moon.png in Resources */ = {isa = PBXBuildFile; fileRef = 9F959957202662D2005AF882 /* moon.png */; };
/* End PBXBuildFile section */

/* Begin PBXFileReference section */
		9F95994220266067005AF882 /* MoonWeight.app */ = {isa = PBXFileReference; explicitFileType = wrapper.application; includeInIndex = 0; path = MoonWeight.app; sourceTree = BUILT_PRODUCTS_DIR; };
		9F95994520266067005AF882 /* AppDelegate.swift */ = {isa = PBXFileReference; lastKnownFileType = sourcecode.swift; path = AppDelegate.swift; sourceTree = "<group>"; };
		9F95994720266067005AF882 /* ViewController.swift */ = {isa = PBXFileReference; lastKnownFileType = sourcecode.swift; path = ViewController.swift; sourceTree = "<group>"; };
		9F95994A20266067005AF882 /* Base */ = {isa = PBXFileReference; lastKnownFileType = file.storyboard; name = Base; path = Base.lproj/Main.storyboard; sourceTree = "<group>"; };
		9F95994C20266067005AF882 /* Assets.xcassets */ = {isa = PBXFileReference; lastKnownFileType = folder.assetcatalog; path = Assets.xcassets; sourceTree = "<group>"; };
		9F95994F20266067005AF882 /* Base */ = {isa = PBXFileReference; lastKnownFileType = file.storyboard; name = Base; path = Base.lproj/LaunchScreen.storyboard; sourceTree = "<group>"; };
		9F95995120266067005AF882 /* Info.plist */ = {isa = PBXFileReference; lastKnownFileType = text.plist.xml; path = Info.plist; sourceTree = "<group>"; };
		9F959957202662D2005AF882 /* moon.png */ = {isa = PBXFileReference; lastKnownFileType = image.png; path = moon.png; sourceTree = "<group>"; };
/* End PBXFileReference section */

/* Begin PBXFrameworksBuildPhase section */
		9F95993F20266067005AF882 /* Frameworks */ = {
			isa = PBXFrameworksBuildPhase;
			buildActionMask = 2147483647;
			files = (
			);
			runOnlyForDeploymentPostprocessing = 0;
		};
/* End PBXFrameworksBuildPhase section */

/* Begin PBXGroup section */
		9F95993920266067005AF882 = {
			isa = PBXGroup;
			children = (
				9F95994420266067005AF882 /* MoonWeight */,
				9F95994320266067005AF882 /* Products */,
			);
			sourceTree = "<group>";
		};
		9F95994320266067005AF882 /* Products */ = {
			isa = PBXGroup;
			children = (
				9F95994220266067005AF882 /* MoonWeight.app */,
			);
			name = Products;
			sourceTree = "<group>";
		};
		9F95994420266067005AF882 /* MoonWeight */ = {
			isa = PBXGroup;
			children = (
				9F959957202662D2005AF882 /* moon.png */,
				9F95994520266067005AF882 /* AppDelegate.swift */,
				9F95994720266067005AF882 /* ViewController.swift */,
				9F95994920266067005AF882 /* Main.storyboard */,
				9F95994C20266067005AF882 /* Assets.xcassets */,
				9F95994E20266067005AF882 /* LaunchScreen.storyboard */,
				9F95995120266067005AF882 /* Info.plist */,
			);
			path = MoonWeight;
			sourceTree = "<group>";
		};
/* End PBXGroup section */

/* Begin PBXNativeTarget section */
		9F95994120266067005AF882 /* MoonWeight */ = {
			isa = PBXNativeTarget;
			buildConfigurationList = 9F95995420266067005AF882 /* Build configuration list for PBXNativeTarget "MoonWeight" */;
			buildPhases = (
				9F95993E20266067005AF882 /* Sources */,
				9F95993F20266067005AF882 /* Frameworks */,
				9F95994020266067005AF882 /* Resources */,
			);
			buildRules = (
			);
			dependencies = (
			);
			name = MoonWeight;
			productName = MoonWeight;
			productReference = 9F95994220266067005AF882 /* MoonWeight.app */;
			productType = "com.apple.product-type.application";
		};
/* End PBXNativeTarget section */

/* Begin PBXProject section */
		9F95993A20266067005AF882 /* Project object */ = {
			isa = PBXProject;
			attributes = {
				LastSwiftUpdateCheck = 0920;
				LastUpgradeCheck = 0920;
				ORGANIZATIONNAME = "Halil Özel";
				TargetAttributes = {
					9F95994120266067005AF882 = {
						CreatedOnToolsVersion = 9.2;
						ProvisioningStyle = Automatic;
					};
				};
			};
			buildConfigurationList = 9F95993D20266067005AF882 /* Build configuration list for PBXProject "MoonWeight" */;
			compatibilityVersion = "Xcode 8.0";
			developmentRegion = en;
			hasScannedForEncodings = 0;
			knownRegions = (
				en,
				Base,
			);
			mainGroup = 9F95993920266067005AF882;
			productRefGroup = 9F95994320266067005AF882 /* Products */;
			projectDirPath = "";
			projectRoot = "";
			targets = (
				9F95994120266067005AF882 /* MoonWeight */,
			);
		};
/* End PBXProject section */

/* Begin PBXResourcesBuildPhase section */
		9F95994020266067005AF882 /* Resources */ = {
			isa = PBXResourcesBuildPhase;
			buildActionMask = 2147483647;
			files = (
				9F959958202662D2005AF882 /* moon.png in Resources */,
				9F95995020266067005AF882 /* LaunchScreen.storyboard in Resources */,
				9F95994D20266067005AF882 /* Assets.xcassets in Resources */,
				9F95994B20266067005AF882 /* Main.storyboard in Resources */,
			);
			runOnlyForDeploymentPostprocessing = 0;
		};
/* End PBXResourcesBuildPhase section */

/* Begin PBXSourcesBuildPhase section */
		9F95993E20266067005AF882 /* Sources */ = {
			isa = PBXSourcesBuildPhase;
			buildActionMask = 2147483647;
			files = (
				9F95994820266067005AF882 /* ViewController.swift in Sources */,
				9F95994620266067005AF882 /* AppDelegate.swift in Sources */,
			);
			runOnlyForDeploymentPostprocessing = 0;
		};
/* End PBXSourcesBuildPhase section */

/* Begin PBXVariantGroup section */
		9F95994920266067005AF882 /* Main.storyboard */ = {
			isa = PBXVariantGroup;
			children = (
				9F95994A20266067005AF882 /* Base */,
			);
			name = Main.storyboard;
			sourceTree = "<group>";
		};
		9F95994E20266067005AF882 /* LaunchScreen.storyboard */ = {
			isa = PBXVariantGroup;
			children = (
				9F95994F20266067005AF882 /* Base */,
			);
			name = LaunchScreen.storyboard;
			sourceTree = "<group>";
		};
/* End PBXVariantGroup section */

/* Begin XCBuildConfiguration section */
		9F95995220266067005AF882 /* Debug */ = {
			isa = XCBuildConfiguration;
			buildSettings = {
				ALWAYS_SEARCH_USER_PATHS = NO;
				CLANG_ANALYZER_NONNULL = YES;
				CLANG_ANALYZER_NUMBER_OBJECT_CONVERSION = YES_AGGRESSIVE;
				CLANG_CXX_LANGUAGE_STANDARD = "gnu++14";
				CLANG_CXX_LIBRARY = "libc++";
				CLANG_ENABLE_MODULES = YES;
				CLANG_ENABLE_OBJC_ARC = YES;
				CLANG_WARN_BLOCK_CAPTURE_AUTORELEASING = YES;
				CLANG_WARN_BOOL_CONVERSION = YES;
				CLANG_WARN_COMMA = YES;
				CLANG_WARN_CONSTANT_CONVERSION = YES;
				CLANG_WARN_DIRECT_OBJC_ISA_USAGE = YES_ERROR;
				CLANG_WARN_DOCUMENTATION_COMMENTS = YES;
				CLANG_WARN_EMPTY_BODY = YES;
				CLANG_WARN_ENUM_CONVERSION = YES;
				CLANG_WARN_INFINITE_RECURSION = YES;
				CLANG_WARN_INT_CONVERSION = YES;
				CLANG_WARN_NON_LITERAL_NULL_CONVERSION = YES;
				CLANG_WARN_OBJC_LITERAL_CONVERSION = YES;
				CLANG_WARN_OBJC_ROOT_CLASS = YES_ERROR;
				CLANG_WARN_RANGE_LOOP_ANALYSIS = YES;
				CLANG_WARN_STRICT_PROTOTYPES = YES;
				CLANG_WARN_SUSPICIOUS_MOVE = YES;
				CLANG_WARN_UNGUARDED_AVAILABILITY = YES_AGGRESSIVE;
				CLANG_WARN_UNREACHABLE_CODE = YES;
				CLANG_WARN__DUPLICATE_METHOD_MATCH = YES;
				CODE_SIGN_IDENTITY = "iPhone Developer";
				COPY_PHASE_STRIP = NO;
				DEBUG_INFORMATION_FORMAT = dwarf;
				ENABLE_STRICT_OBJC_MSGSEND = YES;
				ENABLE_TESTABILITY = YES;
				GCC_C_LANGUAGE_STANDARD = gnu11;
				GCC_DYNAMIC_NO_PIC = NO;
				GCC_NO_COMMON_BLOCKS = YES;
				GCC_OPTIMIZATION_LEVEL = 0;
				GCC_PREPROCESSOR_DEFINITIONS = (
					"DEBUG=1",
					"$(inherited)",
				);
				GCC_WARN_64_TO_32_BIT_CONVERSION = YES;
				GCC_WARN_ABOUT_RETURN_TYPE = YES_ERROR;
				GCC_WARN_UNDECLARED_SELECTOR = YES;
				GCC_WARN_UNINITIALIZED_AUTOS = YES_AGGRESSIVE;
				GCC_WARN_UNUSED_FUNCTION = YES;
				GCC_WARN_UNUSED_VARIABLE = YES;
				IPHONEOS_DEPLOYMENT_TARGET = 11.2;
				MTL_ENABLE_DEBUG_INFO = YES;
				ONLY_ACTIVE_ARCH = YES;
				SDKROOT = iphoneos;
				SWIFT_ACTIVE_COMPILATION_CONDITIONS = DEBUG;
				SWIFT_OPTIMIZATION_LEVEL = "-Onone";
			};
			name = Debug;
		};
		9F95995320266067005AF882 /* Release */ = {
			isa = XCBuildConfiguration;
			buildSettings = {
				ALWAYS_SEARCH_USER_PATHS = NO;
				CLANG_ANALYZER_NONNULL = YES;
				CLANG_ANALYZER_NUMBER_OBJECT_CONVERSION = YES_AGGRESSIVE;
				CLANG_CXX_LANGUAGE_STANDARD = "gnu++14";
				CLANG_CXX_LIBRARY = "libc++";
				CLANG_ENABLE_MODULES = YES;
				CLANG_ENABLE_OBJC_ARC = YES;
				CLANG_WARN_BLOCK_CAPTURE_AUTORELEASING = YES;
				CLANG_WARN_BOOL_CONVERSION = YES;
				CLANG_WARN_COMMA = YES;
				CLANG_WARN_CONSTANT_CONVERSION = YES;
				CLANG_WARN_DIRECT_OBJC_ISA_USAGE = YES_ERROR;
				CLANG_WARN_DOCUMENTATION_COMMENTS = YES;
				CLANG_WARN_EMPTY_BODY = YES;
				CLANG_WARN_ENUM_CONVERSION = YES;
				CLANG_WARN_INFINITE_RECURSION = YES;
				CLANG_WARN_INT_CONVERSION = YES;
				CLANG_WARN_NON_LITERAL_NULL_CONVERSION = YES;
				CLANG_WARN_OBJC_LITERAL_CONVERSION = YES;
				CLANG_WARN_OBJC_ROOT_CLASS = YES_ERROR;
				CLANG_WARN_RANGE_LOOP_ANALYSIS = YES;
				CLANG_WARN_STRICT_PROTOTYPES = YES;
				CLANG_WARN_SUSPICIOUS_MOVE = YES;
				CLANG_WARN_UNGUARDED_AVAILABILITY = YES_AGGRESSIVE;
				CLANG_WARN_UNREACHABLE_CODE = YES;
				CLANG_WARN__DUPLICATE_METHOD_MATCH = YES;
				CODE_SIGN_IDENTITY = "iPhone Developer";
				COPY_PHASE_STRIP = NO;
				DEBUG_INFORMATION_FORMAT = "dwarf-with-dsym";
				ENABLE_NS_ASSERTIONS = NO;
				ENABLE_STRICT_OBJC_MSGSEND = YES;
				GCC_C_LANGUAGE_STANDARD = gnu11;
				GCC_NO_COMMON_BLOCKS = YES;
				GCC_WARN_64_TO_32_BIT_CONVERSION = YES;
				GCC_WARN_ABOUT_RETURN_TYPE = YES_ERROR;
				GCC_WARN_UNDECLARED_SELECTOR = YES;
				GCC_WARN_UNINITIALIZED_AUTOS = YES_AGGRESSIVE;
				GCC_WARN_UNUSED_FUNCTION = YES;
				GCC_WARN_UNUSED_VARIABLE = YES;
				IPHONEOS_DEPLOYMENT_TARGET = 11.2;
				MTL_ENABLE_DEBUG_INFO = NO;
				SDKROOT = iphoneos;
				SWIFT_OPTIMIZATION_LEVEL = "-Owholemodule";
				VALIDATE_PRODUCT = YES;
			};
			name = Release;
		};
		9F95995520266067005AF882 /* Debug */ = {
			isa = XCBuildConfiguration;
			buildSettings = {
				ASSETCATALOG_COMPILER_APPICON_NAME = AppIcon;
				CODE_SIGN_STYLE = Automatic;
				DEVELOPMENT_TEAM = 8Q29ZWM92L;
				INFOPLIST_FILE = MoonWeight/Info.plist;
				LD_RUNPATH_SEARCH_PATHS = "$(inherited) @executable_path/Frameworks";
				PRODUCT_BUNDLE_IDENTIFIER = tr.com.ussal.MoonWeight;
				PRODUCT_NAME = "$(TARGET_NAME)";
				SWIFT_VERSION = 4.0;
				TARGETED_DEVICE_FAMILY = "1,2";
			};
			name = Debug;
		};
		9F95995620266067005AF882 /* Release */ = {
			isa = XCBuildConfiguration;
			buildSettings = {
				ASSETCATALOG_COMPILER_APPICON_NAME = AppIcon;
				CODE_SIGN_STYLE = Automatic;
				DEVELOPMENT_TEAM = 8Q29ZWM92L;
				INFOPLIST_FILE = MoonWeight/Info.plist;
				LD_RUNPATH_SEARCH_PATHS = "$(inherited) @executable_path/Frameworks";
				PRODUCT_BUNDLE_IDENTIFIER = tr.com.ussal.MoonWeight;
				PRODUCT_NAME = "$(TARGET_NAME)";
				SWIFT_VERSION = 4.0;
				TARGETED_DEVICE_FAMILY = "1,2";
			};
			name = Release;
		};
/* End XCBuildConfiguration section */

/* Begin XCConfigurationList section */
		9F95993D20266067005AF882 /* Build configuration list for PBXProject "MoonWeight" */ = {
			isa = XCConfigurationList;
			buildConfigurations = (
				9F95995220266067005AF882 /* Debug */,
				9F95995320266067005AF882 /* Release */,
			);
			defaultConfigurationIsVisible = 0;
			defaultConfigurationName = Release;
		};
		9F95995420266067005AF882 /* Build configuration list for PBXNativeTarget "MoonWeight" */ = {
			isa = XCConfigurationList;
			buildConfigurations = (
				9F95995520266067005AF882 /* Debug */,
				9F95995620266067005AF882 /* Release */,
			);
			defaultConfigurationIsVisible = 0;
			defaultConfigurationName = Release;
		};
/* End XCConfigurationList section */
	};
	rootObject = 9F95993A20266067005AF882 /* Project object */;
}
